{
  "name": "cafe-map-japan-pipeline",
  "version": "0.0.0",
  "lockfileVersion": 3,
  "requires": true,
  "packages": {
    "": {
      "name": "cafe-map-japan-pipeline",
      "version": "0.0.0",
      "devDependencies": {
        "pmtiles": "^3.0.0"
      },
      "engines": {
        "node": ">=18"
      }
    },
    "node_modules/@types/geojson": {
      "version": "7946.0.16",
      "resolved": "https://registry.npmjs.org/@types/geojson/-/geojson-7946.0.16.tgz",
      "integrity": "sha512-6C8nqWur3j98U6+lXDfTUWIfgvZU+EumvpHKcYjujKH7woYyLj2sUmff0tRhrqM7BohUw7Pz3ZB1jj2gW9Fvmg==",
      "dev": true,
      "license": "MIT"
    },
    "node_modules/@types/leaflet": {
      "version": "1.9.22",
      "resolved": "https://registry.npmjs.org/@types/leaflet/-/leaflet-1.9.22.tgz",
      "integrity": "sha512-h3lhECYEKDasG7LFHu+GiHqAvsgLuQvlJvVZzJDGONo3sEL+wUOqSFLnwkZlK0qVxnxbuGFW8iBlJNYs5wgndA==",
      "dev": true,
      "license": "MIT",
      "dependencies": {
        "@types/geojson": "*"
      }
    },
    "node_modules/fflate": {
      "version": "0.8.3",
      "resolved": "https://registry.npmjs.org/fflate/-/fflate-0.8.3.tgz",
      "integrity": "sha512-tbZNuJrLwGUp3zshBtdy4W+ORxZuIh8a5ilyIEQDC5rY1f3U20JMry0Ll3WBzU58EZKsEuJFXhb5gwv8CsPvgA==",
      "dev": true,
      "license": "MIT"
    },
    "node_modules/pmtiles": {
      "version": "3.2.1",
      "resolved": "https://registry.npmjs.org/pmtiles/-/pmtiles-3.2.1.tgz",
      "integrity": "sha512-3R4fBwwoli5mw7a6t1IGwOtfmcSAODq6Okz0zkXhS1zi9sz1ssjjIfslwPvcWw5TNhdjNBUg9fgfPLeqZlH6ng==",
      "dev": true,
      "license": "BSD-3-Clause",
      "dependencies": {
        "@types/leaflet": "^1.9.8",
        "fflate": "^0.8.0"
      }
    }
  }
}
